// !$*UTF8*$!
{
	archiveVersion = 1;
	classes = {
	};
	objectVersion = 56;
	objects = {

/* Begin PBXBuildFile section */
		763A3BB02C2D13DC00094EBA /* SpindriftApp.swift in Sources */ = {isa = PBXBuildFile; fileRef = 763A3BAF2C2D13DC00094EBA /* SpindriftApp.swift */; };
		763A3BB22C2D13DC00094EBA /* ContentView.swift in Sources */ = {isa = PBXBuildFile; fileRef = 763A3BB12C2D13DC00094EBA /* ContentView.swift */; };
		763A3BB42C2D13DD00094EBA /* Assets.xcassets in Resources */ = {isa = PBXBuildFile; fileRef = 763A3BB32C2D13DD00094EBA /* Assets.xcassets */; };
		763A3BB82C2D13DD00094EBA /* Preview Assets.xcassets in Resources */ = {isa = PBXBuildFile; fileRef = 763A3BB72C2D13DD00094EBA /* Preview Assets.xcassets */; };
		763A3BC22C2D13DE00094EBA /* SpindriftTests.swift in Sources */ = {isa = PBXBuildFile; fileRef = 763A3BC12C2D13DE00094EBA /* SpindriftTests.swift */; };
		763A3BCC2C2D13DE00094EBA /* SpindriftUITests.swift in Sources */ = {isa = PBXBuildFile; fileRef = 763A3BCB2C2D13DE00094EBA /* SpindriftUITests.swift */; };
		763A3BCE2C2D13DE00094EBA /* SpindriftUITestsLaunchTests.swift in Sources */ = {isa = PBXBuildFile; fileRef = 763A3BCD2C2D13DE00094EBA /* SpindriftUITestsLaunchTests.swift */; };
		763A3BDC2C2D14A400094EBA /* CoreStore in Frameworks */ = {isa = PBXBuildFile; productRef = 763A3BDB2C2D14A400094EBA /* CoreStore */; };
		763A3BDF2C2D14DD00094EBA /* MICSelecta.swift in Sources */ = {isa = PBXBuildFile; fileRef = 763A3BDE2C2D14DD00094EBA /* MICSelecta.swift */; };
		763A3BE02C2D14DD00094EBA /* MICSelecta.swift in Sources */ = {isa = PBXBuildFile; fileRef = 763A3BDE2C2D14DD00094EBA /* MICSelecta.swift */; };
		76737D202C701B0400E20715 /* MicSelectaViewModel.swift in Sources */ = {isa = PBXBuildFile; fileRef = 76737D1F2C701B0400E20715 /* MicSelectaViewModel.swift */; };
		76737D212C701B0400E20715 /* MicSelectaViewModel.swift in Sources */ = {isa = PBXBuildFile; fileRef = 76737D1F2C701B0400E20715 /* MicSelectaViewModel.swift */; };
		76737D222C701B0400E20715 /* MicSelectaViewModel.swift in Sources */ = {isa = PBXBuildFile; fileRef = 76737D1F2C701B0400E20715 /* MicSelectaViewModel.swift */; };
		76E04B702C38D3DF0075EC8F /* MICPerformance.swift in Sources */ = {isa = PBXBuildFile; fileRef = 76E04B6F2C38D3DF0075EC8F /* MICPerformance.swift */; };
		76E04B712C38D3DF0075EC8F /* MICPerformance.swift in Sources */ = {isa = PBXBuildFile; fileRef = 76E04B6F2C38D3DF0075EC8F /* MICPerformance.swift */; };
/* End PBXBuildFile section */

/* Begin PBXContainerItemProxy section */
		763A3BBE2C2D13DE00094EBA /* PBXContainerItemProxy */ = {
			isa = PBXContainerItemProxy;
			containerPortal = 763A3BA42C2D13DC00094EBA /* Project object */;
			proxyType = 1;
			remoteGlobalIDString = 763A3BAB2C2D13DC00094EBA;
			remoteInfo = Spindrift;
		};
		763A3BC82C2D13DE00094EBA /* PBXContainerItemProxy */ = {
			isa = PBXContainerItemProxy;
			containerPortal = 763A3BA42C2D13DC00094EBA /* Project object */;
			proxyType = 1;
			remoteGlobalIDString = 763A3BAB2C2D13DC00094EBA;
			remoteInfo = Spindrift;
		};
/* End PBXContainerItemProxy section */

/* Begin PBXFileReference section */
		763A3BAC2C2D13DC00094EBA /* Spindrift.app */ = {isa = PBXFileReference; explicitFileType = wrapper.application; includeInIndex = 0; path = Spindrift.app; sourceTree = BUILT_PRODUCTS_DIR; };
		763A3BAF2C2D13DC00094EBA /* SpindriftApp.swift */ = {isa = PBXFileReference; lastKnownFileType = sourcecode.swift; path = SpindriftApp.swift; sourceTree = "<group>"; };
		763A3BB12C2D13DC00094EBA /* ContentView.swift */ = {isa = PBXFileReference; lastKnownFileType = sourcecode.swift; path = ContentView.swift; sourceTree = "<group>"; };
		763A3BB32C2D13DD00094EBA /* Assets.xcassets */ = {isa = PBXFileReference; lastKnownFileType = folder.assetcatalog; path = Assets.xcassets; sourceTree = "<group>"; };
		763A3BB52C2D13DD00094EBA /* Spindrift.entitlements */ = {isa = PBXFileReference; lastKnownFileType = text.plist.entitlements; path = Spindrift.entitlements; sourceTree = "<group>"; };
		763A3BB72C2D13DD00094EBA /* Preview Assets.xcassets */ = {isa = PBXFileReference; lastKnownFileType = folder.assetcatalog; path = "Preview Assets.xcassets"; sourceTree = "<group>"; };
		763A3BBD2C2D13DE00094EBA /* SpindriftTests.xctest */ = {isa = PBXFileReference; explicitFileType = wrapper.cfbundle; includeInIndex = 0; path = SpindriftTests.xctest; sourceTree = BUILT_PRODUCTS_DIR; };
		763A3BC12C2D13DE00094EBA /* SpindriftTests.swift */ = {isa = PBXFileReference; lastKnownFileType = sourcecode.swift; path = SpindriftTests.swift; sourceTree = "<group>"; };
		763A3BC72C2D13DE00094EBA /* SpindriftUITests.xctest */ = {isa = PBXFileReference; explicitFileType = wrapper.cfbundle; includeInIndex = 0; path = SpindriftUITests.xctest; sourceTree = BUILT_PRODUCTS_DIR; };
		763A3BCB2C2D13DE00094EBA /* SpindriftUITests.swift */ = {isa = PBXFileReference; lastKnownFileType = sourcecode.swift; path = SpindriftUITests.swift; sourceTree = "<group>"; };
		763A3BCD2C2D13DE00094EBA /* SpindriftUITestsLaunchTests.swift */ = {isa = PBXFileReference; lastKnownFileType = sourcecode.swift; path = SpindriftUITestsLaunchTests.swift; sourceTree = "<group>"; };
		763A3BDE2C2D14DD00094EBA /* MICSelecta.swift */ = {isa = PBXFileReference; lastKnownFileType = sourcecode.swift; path = MICSelecta.swift; sourceTree = "<group>"; };
		76737D1F2C701B0400E20715 /* MicSelectaViewModel.swift */ = {isa = PBXFileReference; lastKnownFileType = sourcecode.swift; path = MicSelectaViewModel.swift; sourceTree = "<group>"; };
		76E04B6F2C38D3DF0075EC8F /* MICPerformance.swift */ = {isa = PBXFileReference; lastKnownFileType = sourcecode.swift; path = MICPerformance.swift; sourceTree = "<group>"; };
/* End PBXFileReference section */

/* Begin PBXFrameworksBuildPhase section */
		763A3BA92C2D13DC00094EBA /* Frameworks */ = {
			isa = PBXFrameworksBuildPhase;
			buildActionMask = 2147483647;
			files = (
				763A3BDC2C2D14A400094EBA /* CoreStore in Frameworks */,
			);
			runOnlyForDeploymentPostprocessing = 0;
		};
		763A3BBA2C2D13DE00094EBA /* Frameworks */ = {
			isa = PBXFrameworksBuildPhase;
			buildActionMask = 2147483647;
			files = (
			);
			runOnlyForDeploymentPostprocessing = 0;
		};
		763A3BC42C2D13DE00094EBA /* Frameworks */ = {
			isa = PBXFrameworksBuildPhase;
			buildActionMask = 2147483647;
			files = (
			);
			runOnlyForDeploymentPostprocessing = 0;
		};
/* End PBXFrameworksBuildPhase section */

/* Begin PBXGroup section */
		763A3BA32C2D13DC00094EBA = {
			isa = PBXGroup;
			children = (
				76737D1E2C701AE800E20715 /* ViewModels */,
				763A3BDD2C2D14C400094EBA /* Models */,
				763A3BAE2C2D13DC00094EBA /* Spindrift */,
				763A3BC02C2D13DE00094EBA /* SpindriftTests */,
				763A3BCA2C2D13DE00094EBA /* SpindriftUITests */,
				763A3BAD2C2D13DC00094EBA /* Products */,
			);
			sourceTree = "<group>";
		};
		763A3BAD2C2D13DC00094EBA /* Products */ = {
			isa = PBXGroup;
			children = (
				763A3BAC2C2D13DC00094EBA /* Spindrift.app */,
				763A3BBD2C2D13DE00094EBA /* SpindriftTests.xctest */,
				763A3BC72C2D13DE00094EBA /* SpindriftUITests.xctest */,
			);
			name = Products;
			sourceTree = "<group>";
		};
		763A3BAE2C2D13DC00094EBA /* Spindrift */ = {
			isa = PBXGroup;
			children = (
				763A3BAF2C2D13DC00094EBA /* SpindriftApp.swift */,
				763A3BB12C2D13DC00094EBA /* ContentView.swift */,
				763A3BB32C2D13DD00094EBA /* Assets.xcassets */,
				763A3BB52C2D13DD00094EBA /* Spindrift.entitlements */,
				763A3BB62C2D13DD00094EBA /* Preview Content */,
			);
			path = Spindrift;
			sourceTree = "<group>";
		};
		763A3BB62C2D13DD00094EBA /* Preview Content */ = {
			isa = PBXGroup;
			children = (
				763A3BB72C2D13DD00094EBA /* Preview Assets.xcassets */,
			);
			path = "Preview Content";
			sourceTree = "<group>";
		};
		763A3BC02C2D13DE00094EBA /* SpindriftTests */ = {
			isa = PBXGroup;
			children = (
				763A3BC12C2D13DE00094EBA /* SpindriftTests.swift */,
			);
			path = SpindriftTests;
			sourceTree = "<group>";
		};
		763A3BCA2C2D13DE00094EBA /* SpindriftUITests */ = {
			isa = PBXGroup;
			children = (
				763A3BCB2C2D13DE00094EBA /* SpindriftUITests.swift */,
				763A3BCD2C2D13DE00094EBA /* SpindriftUITestsLaunchTests.swift */,
			);
			path = SpindriftUITests;
			sourceTree = "<group>";
		};
		763A3BDD2C2D14C400094EBA /* Models */ = {
			isa = PBXGroup;
			children = (
				763A3BDE2C2D14DD00094EBA /* MICSelecta.swift */,
				76E04B6F2C38D3DF0075EC8F /* MICPerformance.swift */,
			);
			path = Models;
			sourceTree = "<group>";
		};
		76737D1E2C701AE800E20715 /* ViewModels */ = {
			isa = PBXGroup;
			children = (
				76737D1F2C701B0400E20715 /* MicSelectaViewModel.swift */,
			);
			path = ViewModels;
			sourceTree = "<group>";
		};
/* End PBXGroup section */

/* Begin PBXNativeTarget section */
		763A3BAB2C2D13DC00094EBA /* Spindrift */ = {
			isa = PBXNativeTarget;
			buildConfigurationList = 763A3BD12C2D13DE00094EBA /* Build configuration list for PBXNativeTarget "Spindrift" */;
			buildPhases = (
				763A3BA82C2D13DC00094EBA /* Sources */,
				763A3BA92C2D13DC00094EBA /* Frameworks */,
				763A3BAA2C2D13DC00094EBA /* Resources */,
			);
			buildRules = (
			);
			dependencies = (
			);
			name = Spindrift;
			packageProductDependencies = (
				763A3BDB2C2D14A400094EBA /* CoreStore */,
			);
			productName = Spindrift;
			productReference = 763A3BAC2C2D13DC00094EBA /* Spindrift.app */;
			productType = "com.apple.product-type.application";
		};
		763A3BBC2C2D13DE00094EBA /* SpindriftTests */ = {
			isa = PBXNativeTarget;
			buildConfigurationList = 763A3BD42C2D13DE00094EBA /* Build configuration list for PBXNativeTarget "SpindriftTests" */;
			buildPhases = (
				763A3BB92C2D13DE00094EBA /* Sources */,
				763A3BBA2C2D13DE00094EBA /* Frameworks */,
				763A3BBB2C2D13DE00094EBA /* Resources */,
			);
			buildRules = (
			);
			dependencies = (
				763A3BBF2C2D13DE00094EBA /* PBXTargetDependency */,
			);
			name = SpindriftTests;
			productName = SpindriftTests;
			productReference = 763A3BBD2C2D13DE00094EBA /* SpindriftTests.xctest */;
			productType = "com.apple.product-type.bundle.unit-test";
		};
		763A3BC62C2D13DE00094EBA /* SpindriftUITests */ = {
			isa = PBXNativeTarget;
			buildConfigurationList = 763A3BD72C2D13DE00094EBA /* Build configuration list for PBXNativeTarget "SpindriftUITests" */;
			buildPhases = (
				763A3BC32C2D13DE00094EBA /* Sources */,
				763A3BC42C2D13DE00094EBA /* Frameworks */,
				763A3BC52C2D13DE00094EBA /* Resources */,
			);
			buildRules = (
			);
			dependencies = (
				763A3BC92C2D13DE00094EBA /* PBXTargetDependency */,
			);
			name = SpindriftUITests;
			productName = SpindriftUITests;
			productReference = 763A3BC72C2D13DE00094EBA /* SpindriftUITests.xctest */;
			productType = "com.apple.product-type.bundle.ui-testing";
		};
/* End PBXNativeTarget section */

/* Begin PBXProject section */
		763A3BA42C2D13DC00094EBA /* Project object */ = {
			isa = PBXProject;
			attributes = {
				BuildIndependentTargetsInParallel = 1;
				LastSwiftUpdateCheck = 1540;
				LastUpgradeCheck = 1540;
				TargetAttributes = {
					763A3BAB2C2D13DC00094EBA = {
						CreatedOnToolsVersion = 15.4;
					};
					763A3BBC2C2D13DE00094EBA = {
						CreatedOnToolsVersion = 15.4;
						TestTargetID = 763A3BAB2C2D13DC00094EBA;
					};
					763A3BC62C2D13DE00094EBA = {
						CreatedOnToolsVersion = 15.4;
						TestTargetID = 763A3BAB2C2D13DC00094EBA;
					};
				};
			};
			buildConfigurationList = 763A3BA72C2D13DC00094EBA /* Build configuration list for PBXProject "Spindrift" */;
			compatibilityVersion = "Xcode 14.0";
			developmentRegion = en;
			hasScannedForEncodings = 0;
			knownRegions = (
				en,
				Base,
			);
			mainGroup = 763A3BA32C2D13DC00094EBA;
			packageReferences = (
				763A3BDA2C2D14A400094EBA /* XCRemoteSwiftPackageReference "CoreStore" */,
			);
			productRefGroup = 763A3BAD2C2D13DC00094EBA /* Products */;
			projectDirPath = "";
			projectRoot = "";
			targets = (
				763A3BAB2C2D13DC00094EBA /* Spindrift */,
				763A3BBC2C2D13DE00094EBA /* SpindriftTests */,
				763A3BC62C2D13DE00094EBA /* SpindriftUITests */,
			);
		};
/* End PBXProject section */

/* Begin PBXResourcesBuildPhase section */
		763A3BAA2C2D13DC00094EBA /* Resources */ = {
			isa = PBXResourcesBuildPhase;
			buildActionMask = 2147483647;
			files = (
				763A3BB82C2D13DD00094EBA /* Preview Assets.xcassets in Resources */,
				763A3BB42C2D13DD00094EBA /* Assets.xcassets in Resources */,
			);
			runOnlyForDeploymentPostprocessing = 0;
		};
		763A3BBB2C2D13DE00094EBA /* Resources */ = {
			isa = PBXResourcesBuildPhase;
			buildActionMask = 2147483647;
			files = (
			);
			runOnlyForDeploymentPostprocessing = 0;
		};
		763A3BC52C2D13DE00094EBA /* Resources */ = {
			isa = PBXResourcesBuildPhase;
			buildActionMask = 2147483647;
			files = (
			);
			runOnlyForDeploymentPostprocessing = 0;
		};
/* End PBXResourcesBuildPhase section */

/* Begin PBXSourcesBuildPhase section */
		763A3BA82C2D13DC00094EBA /* Sources */ = {
			isa = PBXSourcesBuildPhase;
			buildActionMask = 2147483647;
			files = (
				763A3BDF2C2D14DD00094EBA /* MICSelecta.swift in Sources */,
				763A3BB22C2D13DC00094EBA /* ContentView.swift in Sources */,
				76737D202C701B0400E20715 /* MicSelectaViewModel.swift in Sources */,
				76E04B702C38D3DF0075EC8F /* MICPerformance.swift in Sources */,
				763A3BB02C2D13DC00094EBA /* SpindriftApp.swift in Sources */,
			);
			runOnlyForDeploymentPostprocessing = 0;
		};
		763A3BB92C2D13DE00094EBA /* Sources */ = {
			isa = PBXSourcesBuildPhase;
			buildActionMask = 2147483647;
			files = (
				763A3BC22C2D13DE00094EBA /* SpindriftTests.swift in Sources */,
				76E04B712C38D3DF0075EC8F /* MICPerformance.swift in Sources */,
				76737D212C701B0400E20715 /* MicSelectaViewModel.swift in Sources */,
				763A3BE02C2D14DD00094EBA /* MICSelecta.swift in Sources */,
			);
			runOnlyForDeploymentPostprocessing = 0;
		};
		763A3BC32C2D13DE00094EBA /* Sources */ = {
			isa = PBXSourcesBuildPhase;
			buildActionMask = 2147483647;
			files = (
				763A3BCE2C2D13DE00094EBA /* SpindriftUITestsLaunchTests.swift in Sources */,
				76737D222C701B0400E20715 /* MicSelectaViewModel.swift in Sources */,
				763A3BCC2C2D13DE00094EBA /* SpindriftUITests.swift in Sources */,
			);
			runOnlyForDeploymentPostprocessing = 0;
		};
/* End PBXSourcesBuildPhase section */

/* Begin PBXTargetDependency section */
		763A3BBF2C2D13DE00094EBA /* PBXTargetDependency */ = {
			isa = PBXTargetDependency;
			target = 763A3BAB2C2D13DC00094EBA /* Spindrift */;
			targetProxy = 763A3BBE2C2D13DE00094EBA /* PBXContainerItemProxy */;
		};
		763A3BC92C2D13DE00094EBA /* PBXTargetDependency */ = {
			isa = PBXTargetDependency;
			target = 763A3BAB2C2D13DC00094EBA /* Spindrift */;
			targetProxy = 763A3BC82C2D13DE00094EBA /* PBXContainerItemProxy */;
		};
/* End PBXTargetDependency section */

/* Begin XCBuildConfiguration section */
		763A3BCF2C2D13DE00094EBA /* Debug */ = {
			isa = XCBuildConfiguration;
			buildSettings = {
				ALWAYS_SEARCH_USER_PATHS = NO;
				ASSETCATALOG_COMPILER_GENERATE_SWIFT_ASSET_SYMBOL_EXTENSIONS = YES;
				CLANG_ANALYZER_NONNULL = YES;
				CLANG_ANALYZER_NUMBER_OBJECT_CONVERSION = YES_AGGRESSIVE;
				CLANG_CXX_LANGUAGE_STANDARD = "gnu++20";
				CLANG_ENABLE_MODULES = YES;
				CLANG_ENABLE_OBJC_ARC = YES;
				CLANG_ENABLE_OBJC_WEAK = YES;
				CLANG_WARN_BLOCK_CAPTURE_AUTORELEASING = YES;
				CLANG_WARN_BOOL_CONVERSION = YES;
				CLANG_WARN_COMMA = YES;
				CLANG_WARN_CONSTANT_CONVERSION = YES;
				CLANG_WARN_DEPRECATED_OBJC_IMPLEMENTATIONS = YES;
				CLANG_WARN_DIRECT_OBJC_ISA_USAGE = YES_ERROR;
				CLANG_WARN_DOCUMENTATION_COMMENTS = YES;
				CLANG_WARN_EMPTY_BODY = YES;
				CLANG_WARN_ENUM_CONVERSION = YES;
				CLANG_WARN_INFINITE_RECURSION = YES;
				CLANG_WARN_INT_CONVERSION = YES;
				CLANG_WARN_NON_LITERAL_NULL_CONVERSION = YES;
				CLANG_WARN_OBJC_IMPLICIT_RETAIN_SELF = YES;
				CLANG_WARN_OBJC_LITERAL_CONVERSION = YES;
				CLANG_WARN_OBJC_ROOT_CLASS = YES_ERROR;
				CLANG_WARN_QUOTED_INCLUDE_IN_FRAMEWORK_HEADER = YES;
				CLANG_WARN_RANGE_LOOP_ANALYSIS = YES;
				CLANG_WARN_STRICT_PROTOTYPES = YES;
				CLANG_WARN_SUSPICIOUS_MOVE = YES;
				CLANG_WARN_UNGUARDED_AVAILABILITY = YES_AGGRESSIVE;
				CLANG_WARN_UNREACHABLE_CODE = YES;
				CLANG_WARN__DUPLICATE_METHOD_MATCH = YES;
				COPY_PHASE_STRIP = NO;
				DEBUG_INFORMATION_FORMAT = dwarf;
				ENABLE_STRICT_OBJC_MSGSEND = YES;
				ENABLE_TESTABILITY = YES;
				ENABLE_USER_SCRIPT_SANDBOXING = YES;
				GCC_C_LANGUAGE_STANDARD = gnu17;
				GCC_DYNAMIC_NO_PIC = NO;
				GCC_NO_COMMON_BLOCKS = YES;
				GCC_OPTIMIZATION_LEVEL = 0;
				GCC_PREPROCESSOR_DEFINITIONS = (
					"DEBUG=1",
					"$(inherited)",
				);
				GCC_WARN_64_TO_32_BIT_CONVERSION = YES;
				GCC_WARN_ABOUT_RETURN_TYPE = YES_ERROR;
				GCC_WARN_UNDECLARED_SELECTOR = YES;
				GCC_WARN_UNINITIALIZED_AUTOS = YES_AGGRESSIVE;
				GCC_WARN_UNUSED_FUNCTION = YES;
				GCC_WARN_UNUSED_VARIABLE = YES;
				LOCALIZATION_PREFERS_STRING_CATALOGS = YES;
				MTL_ENABLE_DEBUG_INFO = INCLUDE_SOURCE;
				MTL_FAST_MATH = YES;
				ONLY_ACTIVE_ARCH = YES;
				SWIFT_ACTIVE_COMPILATION_CONDITIONS = "DEBUG $(inherited)";
				SWIFT_OPTIMIZATION_LEVEL = "-Onone";
			};
			name = Debug;
		};
		763A3BD02C2D13DE00094EBA /* Release */ = {
			isa = XCBuildConfiguration;
			buildSettings = {
				ALWAYS_SEARCH_USER_PATHS = NO;
				ASSETCATALOG_COMPILER_GENERATE_SWIFT_ASSET_SYMBOL_EXTENSIONS = YES;
				CLANG_ANALYZER_NONNULL = YES;
				CLANG_ANALYZER_NUMBER_OBJECT_CONVERSION = YES_AGGRESSIVE;
				CLANG_CXX_LANGUAGE_STANDARD = "gnu++20";
				CLANG_ENABLE_MODULES = YES;
				CLANG_ENABLE_OBJC_ARC = YES;
				CLANG_ENABLE_OBJC_WEAK = YES;
				CLANG_WARN_BLOCK_CAPTURE_AUTORELEASING = YES;
				CLANG_WARN_BOOL_CONVERSION = YES;
				CLANG_WARN_COMMA = YES;
				CLANG_WARN_CONSTANT_CONVERSION = YES;
				CLANG_WARN_DEPRECATED_OBJC_IMPLEMENTATIONS = YES;
				CLANG_WARN_DIRECT_OBJC_ISA_USAGE = YES_ERROR;
				CLANG_WARN_DOCUMENTATION_COMMENTS = YES;
				CLANG_WARN_EMPTY_BODY = YES;
				CLANG_WARN_ENUM_CONVERSION = YES;
				CLANG_WARN_INFINITE_RECURSION = YES;
				CLANG_WARN_INT_CONVERSION = YES;
				CLANG_WARN_NON_LITERAL_NULL_CONVERSION = YES;
				CLANG_WARN_OBJC_IMPLICIT_RETAIN_SELF = YES;
				CLANG_WARN_OBJC_LITERAL_CONVERSION = YES;
				CLANG_WARN_OBJC_ROOT_CLASS = YES_ERROR;
				CLANG_WARN_QUOTED_INCLUDE_IN_FRAMEWORK_HEADER = YES;
				CLANG_WARN_RANGE_LOOP_ANALYSIS = YES;
				CLANG_WARN_STRICT_PROTOTYPES = YES;
				CLANG_WARN_SUSPICIOUS_MOVE = YES;
				CLANG_WARN_UNGUARDED_AVAILABILITY = YES_AGGRESSIVE;
				CLANG_WARN_UNREACHABLE_CODE = YES;
				CLANG_WARN__DUPLICATE_METHOD_MATCH = YES;
				COPY_PHASE_STRIP = NO;
				DEBUG_INFORMATION_FORMAT = "dwarf-with-dsym";
				ENABLE_NS_ASSERTIONS = NO;
				ENABLE_STRICT_OBJC_MSGSEND = YES;
				ENABLE_USER_SCRIPT_SANDBOXING = YES;
				GCC_C_LANGUAGE_STANDARD = gnu17;
				GCC_NO_COMMON_BLOCKS = YES;
				GCC_WARN_64_TO_32_BIT_CONVERSION = YES;
				GCC_WARN_ABOUT_RETURN_TYPE = YES_ERROR;
				GCC_WARN_UNDECLARED_SELECTOR = YES;
				GCC_WARN_UNINITIALIZED_AUTOS = YES_AGGRESSIVE;
				GCC_WARN_UNUSED_FUNCTION = YES;
				GCC_WARN_UNUSED_VARIABLE = YES;
				LOCALIZATION_PREFERS_STRING_CATALOGS = YES;
				MTL_ENABLE_DEBUG_INFO = NO;
				MTL_FAST_MATH = YES;
				SWIFT_COMPILATION_MODE = wholemodule;
			};
			name = Release;
		};
		763A3BD22C2D13DE00094EBA /* Debug */ = {
			isa = XCBuildConfiguration;
			buildSettings = {
				ASSETCATALOG_COMPILER_APPICON_NAME = AppIcon;
				ASSETCATALOG_COMPILER_GLOBAL_ACCENT_COLOR_NAME = AccentColor;
				CODE_SIGN_ENTITLEMENTS = Spindrift/Spindrift.entitlements;
				CODE_SIGN_STYLE = Automatic;
				CURRENT_PROJECT_VERSION = 1;
				DEVELOPMENT_ASSET_PATHS = "\"Spindrift/Preview Content\"";
				DEVELOPMENT_TEAM = C7FJS9SLNW;
				ENABLE_HARDENED_RUNTIME = YES;
				ENABLE_PREVIEWS = YES;
				GENERATE_INFOPLIST_FILE = YES;
				"INFOPLIST_KEY_UIApplicationSceneManifest_Generation[sdk=iphoneos*]" = YES;
				"INFOPLIST_KEY_UIApplicationSceneManifest_Generation[sdk=iphonesimulator*]" = YES;
				"INFOPLIST_KEY_UIApplicationSupportsIndirectInputEvents[sdk=iphoneos*]" = YES;
				"INFOPLIST_KEY_UIApplicationSupportsIndirectInputEvents[sdk=iphonesimulator*]" = YES;
				"INFOPLIST_KEY_UILaunchScreen_Generation[sdk=iphoneos*]" = YES;
				"INFOPLIST_KEY_UILaunchScreen_Generation[sdk=iphonesimulator*]" = YES;
				"INFOPLIST_KEY_UIStatusBarStyle[sdk=iphoneos*]" = UIStatusBarStyleDefault;
				"INFOPLIST_KEY_UIStatusBarStyle[sdk=iphonesimulator*]" = UIStatusBarStyleDefault;
				INFOPLIST_KEY_UISupportedInterfaceOrientations_iPad = "UIInterfaceOrientationPortrait UIInterfaceOrientationPortraitUpsideDown UIInterfaceOrientationLandscapeLeft UIInterfaceOrientationLandscapeRight";
				INFOPLIST_KEY_UISupportedInterfaceOrientations_iPhone = "UIInterfaceOrientationPortrait UIInterfaceOrientationLandscapeLeft UIInterfaceOrientationLandscapeRight";
				IPHONEOS_DEPLOYMENT_TARGET = 17.5;
				LD_RUNPATH_SEARCH_PATHS = "@executable_path/Frameworks";
				"LD_RUNPATH_SEARCH_PATHS[sdk=macosx*]" = "@executable_path/../Frameworks";
				MACOSX_DEPLOYMENT_TARGET = 14.5;
				MARKETING_VERSION = 1.0;
				PRODUCT_BUNDLE_IDENTIFIER = MICharisma.Spindrift;
				PRODUCT_NAME = "$(TARGET_NAME)";
				SDKROOT = auto;
				SUPPORTED_PLATFORMS = "iphoneos iphonesimulator macosx";
				SWIFT_EMIT_LOC_STRINGS = YES;
				SWIFT_VERSION = 5.0;
				TARGETED_DEVICE_FAMILY = "1,2";
			};
			name = Debug;
		};
		763A3BD32C2D13DE00094EBA /* Release */ = {
			isa = XCBuildConfiguration;
			buildSettings = {
				ASSETCATALOG_COMPILER_APPICON_NAME = AppIcon;
				ASSETCATALOG_COMPILER_GLOBAL_ACCENT_COLOR_NAME = AccentColor;
				CODE_SIGN_ENTITLEMENTS = Spindrift/Spindrift.entitlements;
				CODE_SIGN_STYLE = Automatic;
				CURRENT_PROJECT_VERSION = 1;
				DEVELOPMENT_ASSET_PATHS = "\"Spindrift/Preview Content\"";
				DEVELOPMENT_TEAM = C7FJS9SLNW;
				ENABLE_HARDENED_RUNTIME = YES;
				ENABLE_PREVIEWS = YES;
				GENERATE_INFOPLIST_FILE = YES;
				"INFOPLIST_KEY_UIApplicationSceneManifest_Generation[sdk=iphoneos*]" = YES;
				"INFOPLIST_KEY_UIApplicationSceneManifest_Generation[sdk=iphonesimulator*]" = YES;
				"INFOPLIST_KEY_UIApplicationSupportsIndirectInputEvents[sdk=iphoneos*]" = YES;
				"INFOPLIST_KEY_UIApplicationSupportsIndirectInputEvents[sdk=iphonesimulator*]" = YES;
				"INFOPLIST_KEY_UILaunchScreen_Generation[sdk=iphoneos*]" = YES;
				"INFOPLIST_KEY_UILaunchScreen_Generation[sdk=iphonesimulator*]" = YES;
				"INFOPLIST_KEY_UIStatusBarStyle[sdk=iphoneos*]" = UIStatusBarStyleDefault;
				"INFOPLIST_KEY_UIStatusBarStyle[sdk=iphonesimulator*]" = UIStatusBarStyleDefault;
				INFOPLIST_KEY_UISupportedInterfaceOrientations_iPad = "UIInterfaceOrientationPortrait UIInterfaceOrientationPortraitUpsideDown UIInterfaceOrientationLandscapeLeft UIInterfaceOrientationLandscapeRight";
				INFOPLIST_KEY_UISupportedInterfaceOrientations_iPhone = "UIInterfaceOrientationPortrait UIInterfaceOrientationLandscapeLeft UIInterfaceOrientationLandscapeRight";
				IPHONEOS_DEPLOYMENT_TARGET = 17.5;
				LD_RUNPATH_SEARCH_PATHS = "@executable_path/Frameworks";
				"LD_RUNPATH_SEARCH_PATHS[sdk=macosx*]" = "@executable_path/../Frameworks";
				MACOSX_DEPLOYMENT_TARGET = 14.5;
				MARKETING_VERSION = 1.0;
				PRODUCT_BUNDLE_IDENTIFIER = MICharisma.Spindrift;
				PRODUCT_NAME = "$(TARGET_NAME)";
				SDKROOT = auto;
				SUPPORTED_PLATFORMS = "iphoneos iphonesimulator macosx";
				SWIFT_EMIT_LOC_STRINGS = YES;
				SWIFT_VERSION = 5.0;
				TARGETED_DEVICE_FAMILY = "1,2";
			};
			name = Release;
		};
		763A3BD52C2D13DE00094EBA /* Debug */ = {
			isa = XCBuildConfiguration;
			buildSettings = {
				ALWAYS_EMBED_SWIFT_STANDARD_LIBRARIES = YES;
				BUNDLE_LOADER = "$(TEST_HOST)";
				CODE_SIGN_STYLE = Automatic;
				CURRENT_PROJECT_VERSION = 1;
				DEVELOPMENT_TEAM = C7FJS9SLNW;
				GENERATE_INFOPLIST_FILE = YES;
				IPHONEOS_DEPLOYMENT_TARGET = 17.5;
				MACOSX_DEPLOYMENT_TARGET = 14.5;
				MARKETING_VERSION = 1.0;
				PRODUCT_BUNDLE_IDENTIFIER = MICharisma.SpindriftTests;
				PRODUCT_NAME = "$(TARGET_NAME)";
				SDKROOT = auto;
				SUPPORTED_PLATFORMS = "iphoneos iphonesimulator macosx";
				SWIFT_EMIT_LOC_STRINGS = NO;
				SWIFT_VERSION = 5.0;
				TARGETED_DEVICE_FAMILY = "1,2";
				TEST_HOST = "$(BUILT_PRODUCTS_DIR)/Spindrift.app/$(BUNDLE_EXECUTABLE_FOLDER_PATH)/Spindrift";
			};
			name = Debug;
		};
		763A3BD62C2D13DE00094EBA /* Release */ = {
			isa = XCBuildConfiguration;
			buildSettings = {
				ALWAYS_EMBED_SWIFT_STANDARD_LIBRARIES = YES;
				BUNDLE_LOADER = "$(TEST_HOST)";
				CODE_SIGN_STYLE = Automatic;
				CURRENT_PROJECT_VERSION = 1;
				DEVELOPMENT_TEAM = C7FJS9SLNW;
				GENERATE_INFOPLIST_FILE = YES;
				IPHONEOS_DEPLOYMENT_TARGET = 17.5;
				MACOSX_DEPLOYMENT_TARGET = 14.5;
				MARKETING_VERSION = 1.0;
				PRODUCT_BUNDLE_IDENTIFIER = MICharisma.SpindriftTests;
				PRODUCT_NAME = "$(TARGET_NAME)";
				SDKROOT = auto;
				SUPPORTED_PLATFORMS = "iphoneos iphonesimulator macosx";
				SWIFT_EMIT_LOC_STRINGS = NO;
				SWIFT_VERSION = 5.0;
				TARGETED_DEVICE_FAMILY = "1,2";
				TEST_HOST = "$(BUILT_PRODUCTS_DIR)/Spindrift.app/$(BUNDLE_EXECUTABLE_FOLDER_PATH)/Spindrift";
			};
			name = Release;
		};
		763A3BD82C2D13DE00094EBA /* Debug */ = {
			isa = XCBuildConfiguration;
			buildSettings = {
				ALWAYS_EMBED_SWIFT_STANDARD_LIBRARIES = YES;
				CODE_SIGN_STYLE = Automatic;
				CURRENT_PROJECT_VERSION = 1;
				DEVELOPMENT_TEAM = C7FJS9SLNW;
				GENERATE_INFOPLIST_FILE = YES;
				IPHONEOS_DEPLOYMENT_TARGET = 17.5;
				MACOSX_DEPLOYMENT_TARGET = 14.5;
				MARKETING_VERSION = 1.0;
				PRODUCT_BUNDLE_IDENTIFIER = MICharisma.SpindriftUITests;
				PRODUCT_NAME = "$(TARGET_NAME)";
				SDKROOT = auto;
				SUPPORTED_PLATFORMS = "iphoneos iphonesimulator macosx";
				SWIFT_EMIT_LOC_STRINGS = NO;
				SWIFT_VERSION = 5.0;
				TARGETED_DEVICE_FAMILY = "1,2";
				TEST_TARGET_NAME = Spindrift;
			};
			name = Debug;
		};
		763A3BD92C2D13DE00094EBA /* Release */ = {
			isa = XCBuildConfiguration;
			buildSettings = {
				ALWAYS_EMBED_SWIFT_STANDARD_LIBRARIES = YES;
				CODE_SIGN_STYLE = Automatic;
				CURRENT_PROJECT_VERSION = 1;
				DEVELOPMENT_TEAM = C7FJS9SLNW;
				GENERATE_INFOPLIST_FILE = YES;
				IPHONEOS_DEPLOYMENT_TARGET = 17.5;
				MACOSX_DEPLOYMENT_TARGET = 14.5;
				MARKETING_VERSION = 1.0;
				PRODUCT_BUNDLE_IDENTIFIER = MICharisma.SpindriftUITests;
				PRODUCT_NAME = "$(TARGET_NAME)";
				SDKROOT = auto;
				SUPPORTED_PLATFORMS = "iphoneos iphonesimulator macosx";
				SWIFT_EMIT_LOC_STRINGS = NO;
				SWIFT_VERSION = 5.0;
				TARGETED_DEVICE_FAMILY = "1,2";
				TEST_TARGET_NAME = Spindrift;
			};
			name = Release;
		};
/* End XCBuildConfiguration section */

/* Begin XCConfigurationList section */
		763A3BA72C2D13DC00094EBA /* Build configuration list for PBXProject "Spindrift" */ = {
			isa = XCConfigurationList;
			buildConfigurations = (
				763A3BCF2C2D13DE00094EBA /* Debug */,
				763A3BD02C2D13DE00094EBA /* Release */,
			);
			defaultConfigurationIsVisible = 0;
			defaultConfigurationName = Release;
		};
		763A3BD12C2D13DE00094EBA /* Build configuration list for PBXNativeTarget "Spindrift" */ = {
			isa = XCConfigurationList;
			buildConfigurations = (
				763A3BD22C2D13DE00094EBA /* Debug */,
				763A3BD32C2D13DE00094EBA /* Release */,
			);
			defaultConfigurationIsVisible = 0;
			defaultConfigurationName = Release;
		};
		763A3BD42C2D13DE00094EBA /* Build configuration list for PBXNativeTarget "SpindriftTests" */ = {
			isa = XCConfigurationList;
			buildConfigurations = (
				763A3BD52C2D13DE00094EBA /* Debug */,
				763A3BD62C2D13DE00094EBA /* Release */,
			);
			defaultConfigurationIsVisible = 0;
			defaultConfigurationName = Release;
		};
		763A3BD72C2D13DE00094EBA /* Build configuration list for PBXNativeTarget "SpindriftUITests" */ = {
			isa = XCConfigurationList;
			buildConfigurations = (
				763A3BD82C2D13DE00094EBA /* Debug */,
				763A3BD92C2D13DE00094EBA /* Release */,
			);
			defaultConfigurationIsVisible = 0;
			defaultConfigurationName = Release;
		};
/* End XCConfigurationList section */

/* Begin XCRemoteSwiftPackageReference section */
		763A3BDA2C2D14A400094EBA /* XCRemoteSwiftPackageReference "CoreStore" */ = {
			isa = XCRemoteSwiftPackageReference;
			repositoryURL = "https://github.com/JohnEstropia/CoreStore";
			requirement = {
				kind = exactVersion;
				version = 9.2.0;
			};
		};
/* End XCRemoteSwiftPackageReference section */

/* Begin XCSwiftPackageProductDependency section */
		763A3BDB2C2D14A400094EBA /* CoreStore */ = {
			isa = XCSwiftPackageProductDependency;
			package = 763A3BDA2C2D14A400094EBA /* XCRemoteSwiftPackageReference "CoreStore" */;
			productName = CoreStore;
		};
/* End XCSwiftPackageProductDependency section */
	};
	rootObject = 763A3BA42C2D13DC00094EBA /* Project object */;
}
