{
  "originHash" : "bcb40ed196c13dc49730c7f8a2acc8103f6f55f7075c41263dd969b272ddbfe1",
  "pins" : [
    {
      "identity" : "corestore",
      "kind" : "remoteSourceControl",
      "location" : "https://github.com/JohnEstropia/CoreStore",
      "state" : {
        "revision" : "4b6d9a54e75d2c9fd2c3c768f7d4aa3175c09133",
        "version" : "9.2.0"
      }
    }
  ],
  "version" : 3
}
